// !$*UTF8*$!
{
	archiveVersion = 1;
	classes = {
	};
	objectVersion = 50;
	objects = {

/* Begin PBXBuildFile section */
		45FD425720B5672100184E04 /* AppDelegate.swift in Sources */ = {isa = PBXBuildFile; fileRef = 45FD425620B5672100184E04 /* AppDelegate.swift */; };
		45FD425920B5672100184E04 /* NasaPhotoViewController.swift in Sources */ = {isa = PBXBuildFile; fileRef = 45FD425820B5672100184E04 /* NasaPhotoViewController.swift */; };
		45FD425C20B5672100184E04 /* Main.storyboard in Resources */ = {isa = PBXBuildFile; fileRef = 45FD425A20B5672100184E04 /* Main.storyboard */; };
		45FD425E20B5672200184E04 /* Assets.xcassets in Resources */ = {isa = PBXBuildFile; fileRef = 45FD425D20B5672200184E04 /* Assets.xcassets */; };
		45FD426120B5672200184E04 /* LaunchScreen.storyboard in Resources */ = {isa = PBXBuildFile; fileRef = 45FD425F20B5672200184E04 /* LaunchScreen.storyboard */; };
		8DD540683E2680CA8D58F396 /* Pods_ReactNativeTypescriptExistingApp.framework in Frameworks */ = {isa = PBXBuildFile; fileRef = 9CA20890A58AA933238280E7 /* Pods_ReactNativeTypescriptExistingApp.framework */; };
/* End PBXBuildFile section */

/* Begin PBXFileReference section */
		45FD425320B5672100184E04 /* ReactNativeTypescriptExistingApp.app */ = {isa = PBXFileReference; explicitFileType = wrapper.application; includeInIndex = 0; path = ReactNativeTypescriptExistingApp.app; sourceTree = BUILT_PRODUCTS_DIR; };
		45FD425620B5672100184E04 /* AppDelegate.swift */ = {isa = PBXFileReference; lastKnownFileType = sourcecode.swift; path = AppDelegate.swift; sourceTree = "<group>"; };
		45FD425820B5672100184E04 /* NasaPhotoViewController.swift */ = {isa = PBXFileReference; lastKnownFileType = sourcecode.swift; path = NasaPhotoViewController.swift; sourceTree = "<group>"; };
		45FD425B20B5672100184E04 /* Base */ = {isa = PBXFileReference; lastKnownFileType = file.storyboard; name = Base; path = Base.lproj/Main.storyboard; sourceTree = "<group>"; };
		45FD425D20B5672200184E04 /* Assets.xcassets */ = {isa = PBXFileReference; lastKnownFileType = folder.assetcatalog; path = Assets.xcassets; sourceTree = "<group>"; };
		45FD426020B5672200184E04 /* Base */ = {isa = PBXFileReference; lastKnownFileType = file.storyboard; name = Base; path = Base.lproj/LaunchScreen.storyboard; sourceTree = "<group>"; };
		45FD426220B5672200184E04 /* Info.plist */ = {isa = PBXFileReference; lastKnownFileType = text.plist.xml; path = Info.plist; sourceTree = "<group>"; };
		771E55D950D989490D5C2DE0 /* Pods-ReactNativeTypescriptExistingApp.debug.xcconfig */ = {isa = PBXFileReference; includeInIndex = 1; lastKnownFileType = text.xcconfig; name = "Pods-ReactNativeTypescriptExistingApp.debug.xcconfig"; path = "Pods/Target Support Files/Pods-ReactNativeTypescriptExistingApp/Pods-ReactNativeTypescriptExistingApp.debug.xcconfig"; sourceTree = "<group>"; };
		9CA20890A58AA933238280E7 /* Pods_ReactNativeTypescriptExistingApp.framework */ = {isa = PBXFileReference; explicitFileType = wrapper.framework; includeInIndex = 0; path = Pods_ReactNativeTypescriptExistingApp.framework; sourceTree = BUILT_PRODUCTS_DIR; };
		BE9E42AE5CF1EE8BE1BB82DD /* Pods-ReactNativeTypescriptExistingApp.release.xcconfig */ = {isa = PBXFileReference; includeInIndex = 1; lastKnownFileType = text.xcconfig; name = "Pods-ReactNativeTypescriptExistingApp.release.xcconfig"; path = "Pods/Target Support Files/Pods-ReactNativeTypescriptExistingApp/Pods-ReactNativeTypescriptExistingApp.release.xcconfig"; sourceTree = "<group>"; };
/* End PBXFileReference section */

/* Begin PBXFrameworksBuildPhase section */
		45FD425020B5672100184E04 /* Frameworks */ = {
			isa = PBXFrameworksBuildPhase;
			buildActionMask = 2147483647;
			files = (
				8DD540683E2680CA8D58F396 /* Pods_ReactNativeTypescriptExistingApp.framework in Frameworks */,
			);
			runOnlyForDeploymentPostprocessing = 0;
		};
/* End PBXFrameworksBuildPhase section */

/* Begin PBXGroup section */
		45FD424A20B5672100184E04 = {
			isa = PBXGroup;
			children = (
				45FD425520B5672100184E04 /* ReactNativeTypescriptExistingApp */,
				45FD425420B5672100184E04 /* Products */,
				7F8C4B07505BA8CA09AEA751 /* Pods */,
				F96E758BF0EA9398107A94DE /* Frameworks */,
			);
			sourceTree = "<group>";
		};
		45FD425420B5672100184E04 /* Products */ = {
			isa = PBXGroup;
			children = (
				45FD425320B5672100184E04 /* ReactNativeTypescriptExistingApp.app */,
			);
			name = Products;
			sourceTree = "<group>";
		};
		45FD425520B5672100184E04 /* ReactNativeTypescriptExistingApp */ = {
			isa = PBXGroup;
			children = (
				45FD425620B5672100184E04 /* AppDelegate.swift */,
				45FD425820B5672100184E04 /* NasaPhotoViewController.swift */,
				45FD425A20B5672100184E04 /* Main.storyboard */,
				45FD425D20B5672200184E04 /* Assets.xcassets */,
				45FD425F20B5672200184E04 /* LaunchScreen.storyboard */,
				45FD426220B5672200184E04 /* Info.plist */,
			);
			path = ReactNativeTypescriptExistingApp;
			sourceTree = "<group>";
		};
		7F8C4B07505BA8CA09AEA751 /* Pods */ = {
			isa = PBXGroup;
			children = (
				771E55D950D989490D5C2DE0 /* Pods-ReactNativeTypescriptExistingApp.debug.xcconfig */,
				BE9E42AE5CF1EE8BE1BB82DD /* Pods-ReactNativeTypescriptExistingApp.release.xcconfig */,
			);
			name = Pods;
			sourceTree = "<group>";
		};
		F96E758BF0EA9398107A94DE /* Frameworks */ = {
			isa = PBXGroup;
			children = (
				9CA20890A58AA933238280E7 /* Pods_ReactNativeTypescriptExistingApp.framework */,
			);
			name = Frameworks;
			sourceTree = "<group>";
		};
/* End PBXGroup section */

/* Begin PBXNativeTarget section */
		45FD425220B5672100184E04 /* ReactNativeTypescriptExistingApp */ = {
			isa = PBXNativeTarget;
			buildConfigurationList = 45FD426520B5672200184E04 /* Build configuration list for PBXNativeTarget "ReactNativeTypescriptExistingApp" */;
			buildPhases = (
				2DECBA1FC4BA0254AF409552 /* [CP] Check Pods Manifest.lock */,
				45FD424F20B5672100184E04 /* Sources */,
				45FD425020B5672100184E04 /* Frameworks */,
				45FD425120B5672100184E04 /* Resources */,
				8F40E4E709E07218EF387EC7 /* [CP] Embed Pods Frameworks */,
			);
			buildRules = (
			);
			dependencies = (
			);
			name = ReactNativeTypescriptExistingApp;
			productName = ReactNativeTypescriptExistingApp;
			productReference = 45FD425320B5672100184E04 /* ReactNativeTypescriptExistingApp.app */;
			productType = "com.apple.product-type.application";
		};
/* End PBXNativeTarget section */

/* Begin PBXProject section */
		45FD424B20B5672100184E04 /* Project object */ = {
			isa = PBXProject;
			attributes = {
				LastSwiftUpdateCheck = 0930;
				LastUpgradeCheck = 0930;
				ORGANIZATIONNAME = "Fabrizio Duroni";
				TargetAttributes = {
					45FD425220B5672100184E04 = {
						CreatedOnToolsVersion = 9.3;
					};
				};
			};
			buildConfigurationList = 45FD424E20B5672100184E04 /* Build configuration list for PBXProject "ReactNativeTypescriptExistingApp" */;
			compatibilityVersion = "Xcode 9.3";
			developmentRegion = en;
			hasScannedForEncodings = 0;
			knownRegions = (
				en,
				Base,
			);
			mainGroup = 45FD424A20B5672100184E04;
			productRefGroup = 45FD425420B5672100184E04 /* Products */;
			projectDirPath = "";
			projectRoot = "";
			targets = (
				45FD425220B5672100184E04 /* ReactNativeTypescriptExistingApp */,
			);
		};
/* End PBXProject section */

/* Begin PBXResourcesBuildPhase section */
		45FD425120B5672100184E04 /* Resources */ = {
			isa = PBXResourcesBuildPhase;
			buildActionMask = 2147483647;
			files = (
				45FD426120B5672200184E04 /* LaunchScreen.storyboard in Resources */,
				45FD425E20B5672200184E04 /* Assets.xcassets in Resources */,
				45FD425C20B5672100184E04 /* Main.storyboard in Resources */,
			);
			runOnlyForDeploymentPostprocessing = 0;
		};
/* End PBXResourcesBuildPhase section */

/* Begin PBXShellScriptBuildPhase section */
		2DECBA1FC4BA0254AF409552 /* [CP] Check Pods Manifest.lock */ = {
			isa = PBXShellScriptBuildPhase;
			buildActionMask = 2147483647;
			files = (
			);
			inputPaths = (
				"${PODS_PODFILE_DIR_PATH}/Podfile.lock",
				"${PODS_ROOT}/Manifest.lock",
			);
			name = "[CP] Check Pods Manifest.lock";
			outputPaths = (
				"$(DERIVED_FILE_DIR)/Pods-ReactNativeTypescriptExistingApp-checkManifestLockResult.txt",
			);
			runOnlyForDeploymentPostprocessing = 0;
			shellPath = /bin/sh;
			shellScript = "diff \"${PODS_PODFILE_DIR_PATH}/Podfile.lock\" \"${PODS_ROOT}/Manifest.lock\" > /dev/null\nif [ $? != 0 ] ; then\n    # print error to STDERR\n    echo \"error: The sandbox is not in sync with the Podfile.lock. Run 'pod install' or update your CocoaPods installation.\" >&2\n    exit 1\nfi\n# This output is used by Xcode 'outputs' to avoid re-running this script phase.\necho \"SUCCESS\" > \"${SCRIPT_OUTPUT_FILE_0}\"\n";
			showEnvVarsInLog = 0;
		};
		8F40E4E709E07218EF387EC7 /* [CP] Embed Pods Frameworks */ = {
			isa = PBXShellScriptBuildPhase;
			buildActionMask = 2147483647;
			files = (
			);
			inputPaths = (
				"${SRCROOT}/Pods/Target Support Files/Pods-ReactNativeTypescriptExistingApp/Pods-ReactNativeTypescriptExistingApp-frameworks.sh",
				"${BUILT_PRODUCTS_DIR}/DoubleConversion/DoubleConversion.framework",
				"${BUILT_PRODUCTS_DIR}/Folly/folly.framework",
				"${BUILT_PRODUCTS_DIR}/React/React.framework",
				"${BUILT_PRODUCTS_DIR}/glog/glog.framework",
				"${BUILT_PRODUCTS_DIR}/yoga/yoga.framework",
			);
			name = "[CP] Embed Pods Frameworks";
			outputPaths = (
				"${TARGET_BUILD_DIR}/${FRAMEWORKS_FOLDER_PATH}/DoubleConversion.framework",
				"${TARGET_BUILD_DIR}/${FRAMEWORKS_FOLDER_PATH}/folly.framework",
				"${TARGET_BUILD_DIR}/${FRAMEWORKS_FOLDER_PATH}/React.framework",
				"${TARGET_BUILD_DIR}/${FRAMEWORKS_FOLDER_PATH}/glog.framework",
				"${TARGET_BUILD_DIR}/${FRAMEWORKS_FOLDER_PATH}/yoga.framework",
			);
			runOnlyForDeploymentPostprocessing = 0;
			shellPath = /bin/sh;
			shellScript = "\"${SRCROOT}/Pods/Target Support Files/Pods-ReactNativeTypescriptExistingApp/Pods-ReactNativeTypescriptExistingApp-frameworks.sh\"\n";
			showEnvVarsInLog = 0;
		};
/* End PBXShellScriptBuildPhase section */

/* Begin PBXSourcesBuildPhase section */
		45FD424F20B5672100184E04 /* Sources */ = {
			isa = PBXSourcesBuildPhase;
			buildActionMask = 2147483647;
			files = (
				45FD425920B5672100184E04 /* NasaPhotoViewController.swift in Sources */,
				45FD425720B5672100184E04 /* AppDelegate.swift in Sources */,
			);
			runOnlyForDeploymentPostprocessing = 0;
		};
/* End PBXSourcesBuildPhase section */

/* Begin PBXVariantGroup section */
		45FD425A20B5672100184E04 /* Main.storyboard */ = {
			isa = PBXVariantGroup;
			children = (
				45FD425B20B5672100184E04 /* Base */,
			);
			name = Main.storyboard;
			sourceTree = "<group>";
		};
		45FD425F20B5672200184E04 /* LaunchScreen.storyboard */ = {
			isa = PBXVariantGroup;
			children = (
				45FD426020B5672200184E04 /* Base */,
			);
			name = LaunchScreen.storyboard;
			sourceTree = "<group>";
		};
/* End PBXVariantGroup section */

/* Begin XCBuildConfiguration section */
		45FD426320B5672200184E04 /* Debug */ = {
			isa = XCBuildConfiguration;
			buildSettings = {
				ALWAYS_SEARCH_USER_PATHS = NO;
				CLANG_ANALYZER_NONNULL = YES;
				CLANG_ANALYZER_NUMBER_OBJECT_CONVERSION = YES_AGGRESSIVE;
				CLANG_CXX_LANGUAGE_STANDARD = "gnu++14";
				CLANG_CXX_LIBRARY = "libc++";
				CLANG_ENABLE_MODULES = YES;
				CLANG_ENABLE_OBJC_ARC = YES;
				CLANG_ENABLE_OBJC_WEAK = YES;
				CLANG_WARN_BLOCK_CAPTURE_AUTORELEASING = YES;
				CLANG_WARN_BOOL_CONVERSION = YES;
				CLANG_WARN_COMMA = YES;
				CLANG_WARN_CONSTANT_CONVERSION = YES;
				CLANG_WARN_DEPRECATED_OBJC_IMPLEMENTATIONS = YES;
				CLANG_WARN_DIRECT_OBJC_ISA_USAGE = YES_ERROR;
				CLANG_WARN_DOCUMENTATION_COMMENTS = YES;
				CLANG_WARN_EMPTY_BODY = YES;
				CLANG_WARN_ENUM_CONVERSION = YES;
				CLANG_WARN_INFINITE_RECURSION = YES;
				CLANG_WARN_INT_CONVERSION = YES;
				CLANG_WARN_NON_LITERAL_NULL_CONVERSION = YES;
				CLANG_WARN_OBJC_IMPLICIT_RETAIN_SELF = YES;
				CLANG_WARN_OBJC_LITERAL_CONVERSION = YES;
				CLANG_WARN_OBJC_ROOT_CLASS = YES_ERROR;
				CLANG_WARN_RANGE_LOOP_ANALYSIS = YES;
				CLANG_WARN_STRICT_PROTOTYPES = YES;
				CLANG_WARN_SUSPICIOUS_MOVE = YES;
				CLANG_WARN_UNGUARDED_AVAILABILITY = YES_AGGRESSIVE;
				CLANG_WARN_UNREACHABLE_CODE = YES;
				CLANG_WARN__DUPLICATE_METHOD_MATCH = YES;
				CODE_SIGN_IDENTITY = "iPhone Developer";
				COPY_PHASE_STRIP = NO;
				DEBUG_INFORMATION_FORMAT = dwarf;
				ENABLE_STRICT_OBJC_MSGSEND = YES;
				ENABLE_TESTABILITY = YES;
				GCC_C_LANGUAGE_STANDARD = gnu11;
				GCC_DYNAMIC_NO_PIC = NO;
				GCC_NO_COMMON_BLOCKS = YES;
				GCC_OPTIMIZATION_LEVEL = 0;
				GCC_PREPROCESSOR_DEFINITIONS = (
					"DEBUG=1",
					"$(inherited)",
				);
				GCC_WARN_64_TO_32_BIT_CONVERSION = YES;
				GCC_WARN_ABOUT_RETURN_TYPE = YES_ERROR;
				GCC_WARN_UNDECLARED_SELECTOR = YES;
				GCC_WARN_UNINITIALIZED_AUTOS = YES_AGGRESSIVE;
				GCC_WARN_UNUSED_FUNCTION = YES;
				GCC_WARN_UNUSED_VARIABLE = YES;
				IPHONEOS_DEPLOYMENT_TARGET = 11.3;
				MTL_ENABLE_DEBUG_INFO = YES;
				ONLY_ACTIVE_ARCH = YES;
				SDKROOT = iphoneos;
				SWIFT_ACTIVE_COMPILATION_CONDITIONS = DEBUG;
				SWIFT_OPTIMIZATION_LEVEL = "-Onone";
			};
			name = Debug;
		};
		45FD426420B5672200184E04 /* Release */ = {
			isa = XCBuildConfiguration;
			buildSettings = {
				ALWAYS_SEARCH_USER_PATHS = NO;
				CLANG_ANALYZER_NONNULL = YES;
				CLANG_ANALYZER_NUMBER_OBJECT_CONVERSION = YES_AGGRESSIVE;
				CLANG_CXX_LANGUAGE_STANDARD = "gnu++14";
				CLANG_CXX_LIBRARY = "libc++";
				CLANG_ENABLE_MODULES = YES;
				CLANG_ENABLE_OBJC_ARC = YES;
				CLANG_ENABLE_OBJC_WEAK = YES;
				CLANG_WARN_BLOCK_CAPTURE_AUTORELEASING = YES;
				CLANG_WARN_BOOL_CONVERSION = YES;
				CLANG_WARN_COMMA = YES;
				CLANG_WARN_CONSTANT_CONVERSION = YES;
				CLANG_WARN_DEPRECATED_OBJC_IMPLEMENTATIONS = YES;
				CLANG_WARN_DIRECT_OBJC_ISA_USAGE = YES_ERROR;
				CLANG_WARN_DOCUMENTATION_COMMENTS = YES;
				CLANG_WARN_EMPTY_BODY = YES;
				CLANG_WARN_ENUM_CONVERSION = YES;
				CLANG_WARN_INFINITE_RECURSION = YES;
				CLANG_WARN_INT_CONVERSION = YES;
				CLANG_WARN_NON_LITERAL_NULL_CONVERSION = YES;
				CLANG_WARN_OBJC_IMPLICIT_RETAIN_SELF = YES;
				CLANG_WARN_OBJC_LITERAL_CONVERSION = YES;
				CLANG_WARN_OBJC_ROOT_CLASS = YES_ERROR;
				CLANG_WARN_RANGE_LOOP_ANALYSIS = YES;
				CLANG_WARN_STRICT_PROTOTYPES = YES;
				CLANG_WARN_SUSPICIOUS_MOVE = YES;
				CLANG_WARN_UNGUARDED_AVAILABILITY = YES_AGGRESSIVE;
				CLANG_WARN_UNREACHABLE_CODE = YES;
				CLANG_WARN__DUPLICATE_METHOD_MATCH = YES;
				CODE_SIGN_IDENTITY = "iPhone Developer";
				COPY_PHASE_STRIP = NO;
				DEBUG_INFORMATION_FORMAT = "dwarf-with-dsym";
				ENABLE_NS_ASSERTIONS = NO;
				ENABLE_STRICT_OBJC_MSGSEND = YES;
				GCC_C_LANGUAGE_STANDARD = gnu11;
				GCC_NO_COMMON_BLOCKS = YES;
				GCC_WARN_64_TO_32_BIT_CONVERSION = YES;
				GCC_WARN_ABOUT_RETURN_TYPE = YES_ERROR;
				GCC_WARN_UNDECLARED_SELECTOR = YES;
				GCC_WARN_UNINITIALIZED_AUTOS = YES_AGGRESSIVE;
				GCC_WARN_UNUSED_FUNCTION = YES;
				GCC_WARN_UNUSED_VARIABLE = YES;
				IPHONEOS_DEPLOYMENT_TARGET = 11.3;
				MTL_ENABLE_DEBUG_INFO = NO;
				SDKROOT = iphoneos;
				SWIFT_COMPILATION_MODE = wholemodule;
				SWIFT_OPTIMIZATION_LEVEL = "-O";
				VALIDATE_PRODUCT = YES;
			};
			name = Release;
		};
		45FD426620B5672200184E04 /* Debug */ = {
			isa = XCBuildConfiguration;
			baseConfigurationReference = 771E55D950D989490D5C2DE0 /* Pods-ReactNativeTypescriptExistingApp.debug.xcconfig */;
			buildSettings = {
				ASSETCATALOG_COMPILER_APPICON_NAME = AppIcon;
				CODE_SIGN_STYLE = Automatic;
				DEVELOPMENT_TEAM = Y682K92RZU;
				INFOPLIST_FILE = ReactNativeTypescriptExistingApp/Info.plist;
				IPHONEOS_DEPLOYMENT_TARGET = 10.0;
				LD_RUNPATH_SEARCH_PATHS = (
					"$(inherited)",
					"@executable_path/Frameworks",
				);
				PRODUCT_BUNDLE_IDENTIFIER = it.chicio.ReactNativeTypescriptExistingApp;
				PRODUCT_NAME = "$(TARGET_NAME)";
				SWIFT_VERSION = 4.0;
				TARGETED_DEVICE_FAMILY = "1,2";
			};
			name = Debug;
		};
		45FD426720B5672200184E04 /* Release */ = {
			isa = XCBuildConfiguration;
			baseConfigurationReference = BE9E42AE5CF1EE8BE1BB82DD /* Pods-ReactNativeTypescriptExistingApp.release.xcconfig */;
			buildSettings = {
				ASSETCATALOG_COMPILER_APPICON_NAME = AppIcon;
				CODE_SIGN_STYLE = Automatic;
				DEVELOPMENT_TEAM = Y682K92RZU;
				INFOPLIST_FILE = ReactNativeTypescriptExistingApp/Info.plist;
				IPHONEOS_DEPLOYMENT_TARGET = 10.0;
				LD_RUNPATH_SEARCH_PATHS = (
					"$(inherited)",
					"@executable_path/Frameworks",
				);
				PRODUCT_BUNDLE_IDENTIFIER = it.chicio.ReactNativeTypescriptExistingApp;
				PRODUCT_NAME = "$(TARGET_NAME)";
				SWIFT_VERSION = 4.0;
				TARGETED_DEVICE_FAMILY = "1,2";
			};
			name = Release;
		};
/* End XCBuildConfiguration section */

/* Begin XCConfigurationList section */
		45FD424E20B5672100184E04 /* Build configuration list for PBXProject "ReactNativeTypescriptExistingApp" */ = {
			isa = XCConfigurationList;
			buildConfigurations = (
				45FD426320B5672200184E04 /* Debug */,
				45FD426420B5672200184E04 /* Release */,
			);
			defaultConfigurationIsVisible = 0;
			defaultConfigurationName = Release;
		};
		45FD426520B5672200184E04 /* Build configuration list for PBXNativeTarget "ReactNativeTypescriptExistingApp" */ = {
			isa = XCConfigurationList;
			buildConfigurations = (
				45FD426620B5672200184E04 /* Debug */,
				45FD426720B5672200184E04 /* Release */,
			);
			defaultConfigurationIsVisible = 0;
			defaultConfigurationName = Release;
		};
/* End XCConfigurationList section */
	};
	rootObject = 45FD424B20B5672100184E04 /* Project object */;
}
